{
    "version": 3,
    "terraform_version": "0.11.7",
    "serial": 3,
    "lineage": "a898b0bd-c847-6a08-e6ed-0ab7e4854185",
    "modules": [
        {
            "path": [
                "root"
            ],
            "outputs": {
                "private_subnet_ids": {
                    "sensitive": false,
                    "type": "list",
                    "value": [
                        "subnet-07d55a761873a9692",
                        "subnet-07ac44865effc88d4",
                        "subnet-06ad9fb8425f3a212",
                        "subnet-00b7af0c99f5b17cc"
                    ]
                }
            },
            "resources": {
                "aws_eip.elastic_ip": {
                    "type": "aws_eip",
                    "depends_on": [
                        "aws_internet_gateway.internet_gateway"
                    ],
                    "primary": {
                        "id": "eipalloc-072da260e6a0adfb9",
                        "attributes": {
                            "association_id": "",
                            "domain": "vpc",
                            "id": "eipalloc-072da260e6a0adfb9",
                            "instance": "",
                            "network_interface": "",
                            "private_ip": "",
                            "public_ip": "34.232.156.53",
                            "tags.%": "0",
                            "vpc": "true"
                        },
                        "meta": {
                            "e2bfb730-ecaa-11e6-8f88-34363bc7c4c0": {
                                "delete": 180000000000,
                                "read": 900000000000,
                                "update": 300000000000
                            }
                        },
                        "tainted": false
                    },
                    "deposed": [],
                    "provider": "provider.aws"
                },
                "aws_internet_gateway.internet_gateway": {
                    "type": "aws_internet_gateway",
                    "depends_on": [
                        "aws_vpc.myvpc"
                    ],
                    "primary": {
                        "id": "igw-06dd0711d57c210e8",
                        "attributes": {
                            "id": "igw-06dd0711d57c210e8",
                            "tags.%": "1",
                            "tags.Name": "Internet Gateway",
                            "vpc_id": "vpc-0567be59d2281fdc7"
                        },
                        "meta": {},
                        "tainted": false
                    },
                    "deposed": [],
                    "provider": "provider.aws"
                },
                "aws_route_table.publicRT": {
                    "type": "aws_route_table",
                    "depends_on": [
                        "aws_internet_gateway.internet_gateway",
                        "aws_vpc.myvpc"
                    ],
                    "primary": {
                        "id": "rtb-0678f6d6ffd7c0cb7",
                        "attributes": {
                            "id": "rtb-0678f6d6ffd7c0cb7",
                            "propagating_vgws.#": "0",
                            "route.#": "1",
                            "route.3683605745.cidr_block": "0.0.0.0/0",
                            "route.3683605745.egress_only_gateway_id": "",
                            "route.3683605745.gateway_id": "igw-06dd0711d57c210e8",
                            "route.3683605745.instance_id": "",
                            "route.3683605745.ipv6_cidr_block": "",
                            "route.3683605745.nat_gateway_id": "",
                            "route.3683605745.network_interface_id": "",
                            "route.3683605745.vpc_peering_connection_id": "",
                            "tags.%": "1",
                            "tags.Name": "publicRT",
                            "vpc_id": "vpc-0567be59d2281fdc7"
                        },
                        "meta": {},
                        "tainted": false
                    },
                    "deposed": [],
                    "provider": "provider.aws"
                },
                "aws_route_table_association.public_subnet_association.0": {
                    "type": "aws_route_table_association",
                    "depends_on": [
                        "aws_route_table.publicRT",
                        "aws_subnet.public_subnets.*"
                    ],
                    "primary": {
                        "id": "rtbassoc-02862d795991f293a",
                        "attributes": {
                            "id": "rtbassoc-02862d795991f293a",
                            "route_table_id": "rtb-0678f6d6ffd7c0cb7",
                            "subnet_id": "subnet-0a91b8621e01dec47"
                        },
                        "meta": {},
                        "tainted": false
                    },
                    "deposed": [],
                    "provider": "provider.aws"
                },
                "aws_route_table_association.public_subnet_association.1": {
                    "type": "aws_route_table_association",
                    "depends_on": [
                        "aws_route_table.publicRT",
                        "aws_subnet.public_subnets.*"
                    ],
                    "primary": {
                        "id": "rtbassoc-08f0d444da4cca822",
                        "attributes": {
                            "id": "rtbassoc-08f0d444da4cca822",
                            "route_table_id": "rtb-0678f6d6ffd7c0cb7",
                            "subnet_id": "subnet-0aba017080a523e44"
                        },
                        "meta": {},
                        "tainted": false
                    },
                    "deposed": [],
                    "provider": "provider.aws"
                },
                "aws_security_group.app": {
                    "type": "aws_security_group",
                    "depends_on": [
                        "aws_security_group.web"
                    ],
                    "primary": {
                        "id": "sg-06d51b7006911e766",
                        "attributes": {
                            "arn": "arn:aws:ec2:us-east-1:915351824488:security-group/sg-06d51b7006911e766",
                            "description": "Managed by Terraform",
                            "egress.#": "0",
                            "id": "sg-06d51b7006911e766",
                            "ingress.#": "1",
                            "ingress.41892116.cidr_blocks.#": "0",
                            "ingress.41892116.description": "",
                            "ingress.41892116.from_port": "0",
                            "ingress.41892116.ipv6_cidr_blocks.#": "0",
                            "ingress.41892116.protocol": "-1",
                            "ingress.41892116.security_groups.#": "1",
                            "ingress.41892116.security_groups.2466975968": "sg-02abfb05db2e63213",
                            "ingress.41892116.self": "false",
                            "ingress.41892116.to_port": "0",
                            "name": "app",
                            "owner_id": "915351824488",
                            "revoke_rules_on_delete": "false",
                            "tags.%": "0",
                            "vpc_id": "vpc-bde6f9c6"
                        },
                        "meta": {
                            "e2bfb730-ecaa-11e6-8f88-34363bc7c4c0": {
                                "create": 600000000000,
                                "delete": 600000000000
                            },
                            "schema_version": "1"
                        },
                        "tainted": false
                    },
                    "deposed": [],
                    "provider": "provider.aws"
                },
                "aws_security_group.bastion": {
                    "type": "aws_security_group",
                    "depends_on": [],
                    "primary": {
                        "id": "sg-0dd08e55792b4f007",
                        "attributes": {
                            "arn": "arn:aws:ec2:us-east-1:915351824488:security-group/sg-0dd08e55792b4f007",
                            "description": "Allow SSH inbound traffic",
                            "egress.#": "1",
                            "egress.482069346.cidr_blocks.#": "1",
                            "egress.482069346.cidr_blocks.0": "0.0.0.0/0",
                            "egress.482069346.description": "",
                            "egress.482069346.from_port": "0",
                            "egress.482069346.ipv6_cidr_blocks.#": "0",
                            "egress.482069346.prefix_list_ids.#": "0",
                            "egress.482069346.protocol": "-1",
                            "egress.482069346.security_groups.#": "0",
                            "egress.482069346.self": "false",
                            "egress.482069346.to_port": "0",
                            "id": "sg-0dd08e55792b4f007",
                            "ingress.#": "3",
                            "ingress.2214680975.cidr_blocks.#": "1",
                            "ingress.2214680975.cidr_blocks.0": "0.0.0.0/0",
                            "ingress.2214680975.description": "",
                            "ingress.2214680975.from_port": "80",
                            "ingress.2214680975.ipv6_cidr_blocks.#": "0",
                            "ingress.2214680975.protocol": "tcp",
                            "ingress.2214680975.security_groups.#": "0",
                            "ingress.2214680975.self": "false",
                            "ingress.2214680975.to_port": "80",
                            "ingress.2541437006.cidr_blocks.#": "1",
                            "ingress.2541437006.cidr_blocks.0": "0.0.0.0/0",
                            "ingress.2541437006.description": "",
                            "ingress.2541437006.from_port": "22",
                            "ingress.2541437006.ipv6_cidr_blocks.#": "0",
                            "ingress.2541437006.protocol": "tcp",
                            "ingress.2541437006.security_groups.#": "0",
                            "ingress.2541437006.self": "false",
                            "ingress.2541437006.to_port": "22",
                            "ingress.2617001939.cidr_blocks.#": "1",
                            "ingress.2617001939.cidr_blocks.0": "0.0.0.0/0",
                            "ingress.2617001939.description": "",
                            "ingress.2617001939.from_port": "443",
                            "ingress.2617001939.ipv6_cidr_blocks.#": "0",
                            "ingress.2617001939.protocol": "tcp",
                            "ingress.2617001939.security_groups.#": "0",
                            "ingress.2617001939.self": "false",
                            "ingress.2617001939.to_port": "443",
                            "name": "bastion",
                            "owner_id": "915351824488",
                            "revoke_rules_on_delete": "false",
                            "tags.%": "0",
                            "vpc_id": "vpc-bde6f9c6"
                        },
                        "meta": {
                            "e2bfb730-ecaa-11e6-8f88-34363bc7c4c0": {
                                "create": 600000000000,
                                "delete": 600000000000
                            },
                            "schema_version": "1"
                        },
                        "tainted": false
                    },
                    "deposed": [],
                    "provider": "provider.aws"
                },
                "aws_security_group.web": {
                    "type": "aws_security_group",
                    "depends_on": [
                        "aws_security_group.bastion"
                    ],
                    "primary": {
                        "id": "sg-02abfb05db2e63213",
                        "attributes": {
                            "arn": "arn:aws:ec2:us-east-1:915351824488:security-group/sg-02abfb05db2e63213",
                            "description": "Managed by Terraform",
                            "egress.#": "0",
                            "id": "sg-02abfb05db2e63213",
                            "ingress.#": "1",
                            "ingress.2940555027.cidr_blocks.#": "0",
                            "ingress.2940555027.description": "",
                            "ingress.2940555027.from_port": "0",
                            "ingress.2940555027.ipv6_cidr_blocks.#": "0",
                            "ingress.2940555027.protocol": "-1",
                            "ingress.2940555027.security_groups.#": "1",
                            "ingress.2940555027.security_groups.3472183690": "sg-0dd08e55792b4f007",
                            "ingress.2940555027.self": "false",
                            "ingress.2940555027.to_port": "0",
                            "name": "web",
                            "owner_id": "915351824488",
                            "revoke_rules_on_delete": "false",
                            "tags.%": "0",
                            "vpc_id": "vpc-bde6f9c6"
                        },
                        "meta": {
                            "e2bfb730-ecaa-11e6-8f88-34363bc7c4c0": {
                                "create": 600000000000,
                                "delete": 600000000000
                            },
                            "schema_version": "1"
                        },
                        "tainted": false
                    },
                    "deposed": [],
                    "provider": "provider.aws"
                },
                "aws_subnet.private_subnets.0": {
                    "type": "aws_subnet",
                    "depends_on": [
                        "aws_vpc.myvpc"
                    ],
                    "primary": {
                        "id": "subnet-07d55a761873a9692",
                        "attributes": {
                            "arn": "arn:aws:ec2:us-east-1:915351824488:subnet/subnet-07d55a761873a9692",
                            "assign_ipv6_address_on_creation": "false",
                            "availability_zone": "us-east-1a",
                            "cidr_block": "10.0.1.0/24",
                            "id": "subnet-07d55a761873a9692",
                            "map_public_ip_on_launch": "false",
                            "tags.%": "1",
                            "tags.Name": "private-Subnet-1",
                            "vpc_id": "vpc-0567be59d2281fdc7"
                        },
                        "meta": {
                            "schema_version": "1"
                        },
                        "tainted": false
                    },
                    "deposed": [],
                    "provider": "provider.aws"
                },
                "aws_subnet.private_subnets.1": {
                    "type": "aws_subnet",
                    "depends_on": [
                        "aws_vpc.myvpc"
                    ],
                    "primary": {
                        "id": "subnet-07ac44865effc88d4",
                        "attributes": {
                            "arn": "arn:aws:ec2:us-east-1:915351824488:subnet/subnet-07ac44865effc88d4",
                            "assign_ipv6_address_on_creation": "false",
                            "availability_zone": "us-east-1a",
                            "cidr_block": "10.0.2.0/24",
                            "id": "subnet-07ac44865effc88d4",
                            "map_public_ip_on_launch": "false",
                            "tags.%": "1",
                            "tags.Name": "private-Subnet-2",
                            "vpc_id": "vpc-0567be59d2281fdc7"
                        },
                        "meta": {
                            "schema_version": "1"
                        },
                        "tainted": false
                    },
                    "deposed": [],
                    "provider": "provider.aws"
                },
                "aws_subnet.private_subnets.2": {
                    "type": "aws_subnet",
                    "depends_on": [
                        "aws_vpc.myvpc"
                    ],
                    "primary": {
                        "id": "subnet-06ad9fb8425f3a212",
                        "attributes": {
                            "arn": "arn:aws:ec2:us-east-1:915351824488:subnet/subnet-06ad9fb8425f3a212",
                            "assign_ipv6_address_on_creation": "false",
                            "availability_zone": "us-east-1b",
                            "cidr_block": "10.0.3.0/24",
                            "id": "subnet-06ad9fb8425f3a212",
                            "map_public_ip_on_launch": "false",
                            "tags.%": "1",
                            "tags.Name": "private-Subnet-3",
                            "vpc_id": "vpc-0567be59d2281fdc7"
                        },
                        "meta": {
                            "schema_version": "1"
                        },
                        "tainted": false
                    },
                    "deposed": [],
                    "provider": "provider.aws"
                },
                "aws_subnet.private_subnets.3": {
                    "type": "aws_subnet",
                    "depends_on": [
                        "aws_vpc.myvpc"
                    ],
                    "primary": {
                        "id": "subnet-00b7af0c99f5b17cc",
                        "attributes": {
                            "arn": "arn:aws:ec2:us-east-1:915351824488:subnet/subnet-00b7af0c99f5b17cc",
                            "assign_ipv6_address_on_creation": "false",
                            "availability_zone": "us-east-1b",
                            "cidr_block": "10.0.4.0/24",
                            "id": "subnet-00b7af0c99f5b17cc",
                            "map_public_ip_on_launch": "false",
                            "tags.%": "1",
                            "tags.Name": "private-Subnet-4",
                            "vpc_id": "vpc-0567be59d2281fdc7"
                        },
                        "meta": {
                            "schema_version": "1"
                        },
                        "tainted": false
                    },
                    "deposed": [],
                    "provider": "provider.aws"
                },
                "aws_subnet.public_subnets.0": {
                    "type": "aws_subnet",
                    "depends_on": [
                        "aws_vpc.myvpc"
                    ],
                    "primary": {
                        "id": "subnet-0a91b8621e01dec47",
                        "attributes": {
                            "arn": "arn:aws:ec2:us-east-1:915351824488:subnet/subnet-0a91b8621e01dec47",
                            "assign_ipv6_address_on_creation": "false",
                            "availability_zone": "us-east-1a",
                            "cidr_block": "10.0.5.0/24",
                            "id": "subnet-0a91b8621e01dec47",
                            "map_public_ip_on_launch": "true",
                            "tags.%": "1",
                            "tags.Name": "public-Subnet-1",
                            "vpc_id": "vpc-0567be59d2281fdc7"
                        },
                        "meta": {
                            "schema_version": "1"
                        },
                        "tainted": false
                    },
                    "deposed": [],
                    "provider": "provider.aws"
                },
                "aws_subnet.public_subnets.1": {
                    "type": "aws_subnet",
                    "depends_on": [
                        "aws_vpc.myvpc"
                    ],
                    "primary": {
                        "id": "subnet-0aba017080a523e44",
                        "attributes": {
                            "arn": "arn:aws:ec2:us-east-1:915351824488:subnet/subnet-0aba017080a523e44",
                            "assign_ipv6_address_on_creation": "false",
                            "availability_zone": "us-east-1b",
                            "cidr_block": "10.0.6.0/24",
                            "id": "subnet-0aba017080a523e44",
                            "map_public_ip_on_launch": "true",
                            "tags.%": "1",
                            "tags.Name": "public-Subnet-2",
                            "vpc_id": "vpc-0567be59d2281fdc7"
                        },
                        "meta": {
                            "schema_version": "1"
                        },
                        "tainted": false
                    },
                    "deposed": [],
                    "provider": "provider.aws"
                },
                "aws_vpc.myvpc": {
                    "type": "aws_vpc",
                    "depends_on": [],
                    "primary": {
                        "id": "vpc-0567be59d2281fdc7",
                        "attributes": {
                            "arn": "arn:aws:ec2:us-east-1:915351824488:vpc/vpc-0567be59d2281fdc7",
                            "assign_generated_ipv6_cidr_block": "false",
                            "cidr_block": "10.0.0.0/16",
                            "default_network_acl_id": "acl-0a82415594092fecc",
                            "default_route_table_id": "rtb-0efbb8ba50b481e82",
                            "default_security_group_id": "sg-04d1cee7dc29fb6c5",
                            "dhcp_options_id": "dopt-855ae5fe",
                            "enable_classiclink": "false",
                            "enable_classiclink_dns_support": "false",
                            "enable_dns_hostnames": "true",
                            "enable_dns_support": "true",
                            "id": "vpc-0567be59d2281fdc7",
                            "instance_tenancy": "default",
                            "main_route_table_id": "rtb-0efbb8ba50b481e82",
                            "tags.%": "1",
                            "tags.Name": "myvpc"
                        },
                        "meta": {
                            "schema_version": "1"
                        },
                        "tainted": false
                    },
                    "deposed": [],
                    "provider": "provider.aws"
                }
            },
            "depends_on": []
        }
    ]
}
