{
    "version": 3,
    "terraform_version": "0.11.8",
    "serial": 21,
    "lineage": "a898b0bd-c847-6a08-e6ed-0ab7e4854185",
    "modules": [
        {
            "path": [
                "root"
            ],
            "outputs": {
                "private_subnet_ids": {
                    "sensitive": false,
                    "type": "list",
                    "value": [
                        "subnet-0dc258667533945f4",
                        "subnet-09016a797610dbefe"
                    ]
                },
                "web-instance-ids": {
                    "sensitive": false,
                    "type": "list",
                    "value": [
                        "$aws_instance.web.*.id}"
                    ]
                }
            },
            "resources": {
                "aws_autoscaling_group.web-asg": {
                    "type": "aws_autoscaling_group",
                    "depends_on": [
                        "aws_launch_configuration.web-lc",
                        "aws_lb_target_group.web-tg",
                        "aws_subnet.public_subnets.*"
                    ],
                    "primary": {
                        "id": "web-asg",
                        "attributes": {
                            "arn": "arn:aws:autoscaling:us-east-1:915351824488:autoScalingGroup:83107b43-7f3d-4fc4-8441-fc8d144a1f49:autoScalingGroupName/web-asg",
                            "availability_zones.#": "2",
                            "availability_zones.1305112097": "us-east-1b",
                            "availability_zones.3569565595": "us-east-1a",
                            "default_cooldown": "300",
                            "desired_capacity": "2",
                            "enabled_metrics.#": "0",
                            "force_delete": "true",
                            "health_check_grace_period": "300",
                            "health_check_type": "ELB",
                            "id": "web-asg",
                            "launch_configuration": "web-lc",
                            "launch_template.#": "0",
                            "load_balancers.#": "0",
                            "max_size": "5",
                            "metrics_granularity": "1Minute",
                            "min_size": "2",
                            "name": "web-asg",
                            "placement_group": "",
                            "protect_from_scale_in": "false",
                            "service_linked_role_arn": "arn:aws:iam::915351824488:role/aws-service-role/autoscaling.amazonaws.com/AWSServiceRoleForAutoScaling",
                            "suspended_processes.#": "0",
                            "tag.#": "0",
                            "target_group_arns.#": "1",
                            "target_group_arns.3376067957": "arn:aws:elasticloadbalancing:us-east-1:915351824488:targetgroup/web-lb-tg/cc86a596e253b4df",
                            "termination_policies.#": "0",
                            "vpc_zone_identifier.#": "2",
                            "vpc_zone_identifier.3504061949": "subnet-0fa41bbafb381b894",
                            "vpc_zone_identifier.614064822": "subnet-08c14749b8e40503b",
                            "wait_for_capacity_timeout": "10m"
                        },
                        "meta": {
                            "e2bfb730-ecaa-11e6-8f88-34363bc7c4c0": {
                                "delete": 600000000000
                            }
                        },
                        "tainted": false
                    },
                    "deposed": [],
                    "provider": "provider.aws"
                },
                "aws_db_instance.default": {
                    "type": "aws_db_instance",
                    "depends_on": [
                        "aws_db_subnet_group.dbsubnet",
                        "aws_security_group.mysql"
                    ],
                    "primary": {
                        "id": "terraform-20180911061456644100000001",
                        "attributes": {
                            "address": "terraform-20180911061456644100000001.cql1tzqbpy8d.us-east-1.rds.amazonaws.com",
                            "allocated_storage": "10",
                            "arn": "arn:aws:rds:us-east-1:915351824488:db:terraform-20180911061456644100000001",
                            "auto_minor_version_upgrade": "true",
                            "availability_zone": "us-east-1a",
                            "backup_retention_period": "0",
                            "backup_window": "04:11-04:41",
                            "ca_cert_identifier": "rds-ca-2015",
                            "copy_tags_to_snapshot": "false",
                            "db_subnet_group_name": "main",
                            "enabled_cloudwatch_logs_exports.#": "0",
                            "endpoint": "terraform-20180911061456644100000001.cql1tzqbpy8d.us-east-1.rds.amazonaws.com:3306",
                            "engine": "mysql",
                            "engine_version": "5.7.22",
                            "hosted_zone_id": "Z2R2ITUGPM61AM",
                            "iam_database_authentication_enabled": "false",
                            "id": "terraform-20180911061456644100000001",
                            "identifier": "terraform-20180911061456644100000001",
                            "instance_class": "db.t2.micro",
                            "iops": "0",
                            "kms_key_id": "",
                            "license_model": "general-public-license",
                            "maintenance_window": "sat:09:28-sat:09:58",
                            "monitoring_interval": "0",
                            "multi_az": "false",
                            "name": "mydb",
                            "option_group_name": "default:mysql-5-7",
                            "parameter_group_name": "default.mysql5.7",
                            "password": "user1234",
                            "port": "3306",
                            "publicly_accessible": "false",
                            "replicas.#": "0",
                            "replicate_source_db": "",
                            "resource_id": "db-OK5SEZWP2EAA3ZB7MHEK4LZRXQ",
                            "security_group_names.#": "0",
                            "skip_final_snapshot": "true",
                            "status": "available",
                            "storage_encrypted": "false",
                            "storage_type": "gp2",
                            "tags.%": "0",
                            "timezone": "",
                            "username": "dbuser",
                            "vpc_security_group_ids.#": "1",
                            "vpc_security_group_ids.1954532400": "sg-00ed5248b4ec05486"
                        },
                        "meta": {
                            "e2bfb730-ecaa-11e6-8f88-34363bc7c4c0": {
                                "create": 2400000000000,
                                "delete": 2400000000000,
                                "update": 4800000000000
                            }
                        },
                        "tainted": false
                    },
                    "deposed": [],
                    "provider": "provider.aws"
                },
                "aws_db_subnet_group.dbsubnet": {
                    "type": "aws_db_subnet_group",
                    "depends_on": [
                        "aws_subnet.private_db.*"
                    ],
                    "primary": {
                        "id": "main",
                        "attributes": {
                            "arn": "arn:aws:rds:us-east-1:915351824488:subgrp:main",
                            "description": "Managed by Terraform",
                            "id": "main",
                            "name": "main",
                            "subnet_ids.#": "2",
                            "subnet_ids.112795273": "subnet-0d3c719cd0fb63609",
                            "subnet_ids.2011527780": "subnet-089adedb52c46e1f7",
                            "tags.%": "1",
                            "tags.Name": "MyDBsubnetGroup"
                        },
                        "meta": {},
                        "tainted": false
                    },
                    "deposed": [],
                    "provider": "provider.aws"
                },
                "aws_internet_gateway.internet_gateway": {
                    "type": "aws_internet_gateway",
                    "depends_on": [
                        "aws_vpc.myvpc"
                    ],
                    "primary": {
                        "id": "igw-03c5cd4d9f9e04904",
                        "attributes": {
                            "id": "igw-03c5cd4d9f9e04904",
                            "tags.%": "1",
                            "tags.Name": "Internet Gateway",
                            "vpc_id": "vpc-0e50af2ebfe793b26"
                        },
                        "meta": {},
                        "tainted": false
                    },
                    "deposed": [],
                    "provider": "provider.aws"
                },
                "aws_launch_configuration.web-lc": {
                    "type": "aws_launch_configuration",
                    "depends_on": [
                        "aws_security_group.web",
                        "data.aws_ami.ubuntu"
                    ],
                    "primary": {
                        "id": "web-lc",
                        "attributes": {
                            "associate_public_ip_address": "false",
                            "ebs_block_device.#": "0",
                            "ebs_optimized": "false",
                            "enable_monitoring": "true",
                            "ephemeral_block_device.#": "0",
                            "iam_instance_profile": "",
                            "id": "web-lc",
                            "image_id": "ami-04169656fea786776",
                            "instance_type": "t2.micro",
                            "key_name": "us-east-1",
                            "name": "web-lc",
                            "root_block_device.#": "0",
                            "security_groups.#": "1",
                            "security_groups.2249003230": "sg-015e3b691fc786080",
                            "spot_price": "",
                            "user_data": "e3ca430a4d8a227d18bbcf01fbef45cb1f7883bd",
                            "vpc_classic_link_id": "",
                            "vpc_classic_link_security_groups.#": "0"
                        },
                        "meta": {},
                        "tainted": false
                    },
                    "deposed": [],
                    "provider": "provider.aws"
                },
                "aws_lb.3elb": {
                    "type": "aws_lb",
                    "depends_on": [
                        "aws_security_group.elb-sg",
                        "aws_subnet.public_subnets.*"
                    ],
                    "primary": {
                        "id": "arn:aws:elasticloadbalancing:us-east-1:915351824488:loadbalancer/app/3elb/9d2c88ea8eb21461",
                        "attributes": {
                            "access_logs.#": "0",
                            "arn": "arn:aws:elasticloadbalancing:us-east-1:915351824488:loadbalancer/app/3elb/9d2c88ea8eb21461",
                            "arn_suffix": "app/3elb/9d2c88ea8eb21461",
                            "dns_name": "3elb-153155088.us-east-1.elb.amazonaws.com",
                            "enable_deletion_protection": "false",
                            "enable_http2": "true",
                            "id": "arn:aws:elasticloadbalancing:us-east-1:915351824488:loadbalancer/app/3elb/9d2c88ea8eb21461",
                            "idle_timeout": "60",
                            "internal": "false",
                            "ip_address_type": "ipv4",
                            "load_balancer_type": "application",
                            "name": "3elb",
                            "security_groups.#": "1",
                            "security_groups.3472579695": "sg-09759990d9e0533cc",
                            "subnet_mapping.#": "0",
                            "subnets.#": "2",
                            "subnets.3504061949": "subnet-0fa41bbafb381b894",
                            "subnets.614064822": "subnet-08c14749b8e40503b",
                            "tags.%": "1",
                            "tags.name": "3elb",
                            "vpc_id": "vpc-0e50af2ebfe793b26",
                            "zone_id": "Z35SXDOTRQ7X7K"
                        },
                        "meta": {
                            "e2bfb730-ecaa-11e6-8f88-34363bc7c4c0": {
                                "create": 600000000000,
                                "delete": 600000000000,
                                "update": 600000000000
                            }
                        },
                        "tainted": false
                    },
                    "deposed": [],
                    "provider": "provider.aws"
                },
                "aws_lb_listener.listener": {
                    "type": "aws_lb_listener",
                    "depends_on": [
                        "aws_lb.3elb",
                        "aws_lb_target_group.web-tg"
                    ],
                    "primary": {
                        "id": "arn:aws:elasticloadbalancing:us-east-1:915351824488:listener/app/3elb/9d2c88ea8eb21461/89ed93e0916384c8",
                        "attributes": {
                            "arn": "arn:aws:elasticloadbalancing:us-east-1:915351824488:listener/app/3elb/9d2c88ea8eb21461/89ed93e0916384c8",
                            "default_action.#": "1",
                            "default_action.0.fixed_response.#": "0",
                            "default_action.0.redirect.#": "0",
                            "default_action.0.target_group_arn": "arn:aws:elasticloadbalancing:us-east-1:915351824488:targetgroup/web-lb-tg/cc86a596e253b4df",
                            "default_action.0.type": "forward",
                            "id": "arn:aws:elasticloadbalancing:us-east-1:915351824488:listener/app/3elb/9d2c88ea8eb21461/89ed93e0916384c8",
                            "load_balancer_arn": "arn:aws:elasticloadbalancing:us-east-1:915351824488:loadbalancer/app/3elb/9d2c88ea8eb21461",
                            "port": "80",
                            "protocol": "HTTP",
                            "ssl_policy": ""
                        },
                        "meta": {},
                        "tainted": false
                    },
                    "deposed": [],
                    "provider": "provider.aws"
                },
                "aws_lb_target_group.app-tg": {
                    "type": "aws_lb_target_group",
                    "depends_on": [
                        "aws_vpc.myvpc"
                    ],
                    "primary": {
                        "id": "arn:aws:elasticloadbalancing:us-east-1:915351824488:targetgroup/app-lb-tg/8b6bc6d079d8e094",
                        "attributes": {
                            "arn": "arn:aws:elasticloadbalancing:us-east-1:915351824488:targetgroup/app-lb-tg/8b6bc6d079d8e094",
                            "arn_suffix": "targetgroup/app-lb-tg/8b6bc6d079d8e094",
                            "deregistration_delay": "300",
                            "health_check.#": "1",
                            "health_check.0.healthy_threshold": "5",
                            "health_check.0.interval": "30",
                            "health_check.0.matcher": "200",
                            "health_check.0.path": "/",
                            "health_check.0.port": "traffic-port",
                            "health_check.0.protocol": "HTTP",
                            "health_check.0.timeout": "5",
                            "health_check.0.unhealthy_threshold": "2",
                            "id": "arn:aws:elasticloadbalancing:us-east-1:915351824488:targetgroup/app-lb-tg/8b6bc6d079d8e094",
                            "name": "app-lb-tg",
                            "port": "80",
                            "protocol": "HTTP",
                            "proxy_protocol_v2": "false",
                            "slow_start": "0",
                            "stickiness.#": "1",
                            "stickiness.0.cookie_duration": "86400",
                            "stickiness.0.enabled": "false",
                            "stickiness.0.type": "lb_cookie",
                            "tags.%": "0",
                            "target_type": "instance",
                            "vpc_id": "vpc-0e50af2ebfe793b26"
                        },
                        "meta": {},
                        "tainted": false
                    },
                    "deposed": [],
                    "provider": "provider.aws"
                },
                "aws_lb_target_group.web-tg": {
                    "type": "aws_lb_target_group",
                    "depends_on": [
                        "aws_vpc.myvpc"
                    ],
                    "primary": {
                        "id": "arn:aws:elasticloadbalancing:us-east-1:915351824488:targetgroup/web-lb-tg/cc86a596e253b4df",
                        "attributes": {
                            "arn": "arn:aws:elasticloadbalancing:us-east-1:915351824488:targetgroup/web-lb-tg/cc86a596e253b4df",
                            "arn_suffix": "targetgroup/web-lb-tg/cc86a596e253b4df",
                            "deregistration_delay": "300",
                            "health_check.#": "1",
                            "health_check.0.healthy_threshold": "5",
                            "health_check.0.interval": "30",
                            "health_check.0.matcher": "200",
                            "health_check.0.path": "/",
                            "health_check.0.port": "traffic-port",
                            "health_check.0.protocol": "HTTP",
                            "health_check.0.timeout": "5",
                            "health_check.0.unhealthy_threshold": "2",
                            "id": "arn:aws:elasticloadbalancing:us-east-1:915351824488:targetgroup/web-lb-tg/cc86a596e253b4df",
                            "name": "web-lb-tg",
                            "port": "80",
                            "protocol": "HTTP",
                            "proxy_protocol_v2": "false",
                            "slow_start": "0",
                            "stickiness.#": "1",
                            "stickiness.0.cookie_duration": "86400",
                            "stickiness.0.enabled": "false",
                            "stickiness.0.type": "lb_cookie",
                            "tags.%": "0",
                            "target_type": "instance",
                            "vpc_id": "vpc-0e50af2ebfe793b26"
                        },
                        "meta": {},
                        "tainted": false
                    },
                    "deposed": [],
                    "provider": "provider.aws"
                },
                "aws_route_table.publicRT": {
                    "type": "aws_route_table",
                    "depends_on": [
                        "aws_internet_gateway.internet_gateway",
                        "aws_vpc.myvpc"
                    ],
                    "primary": {
                        "id": "rtb-0b7e7e64bc48e9ac5",
                        "attributes": {
                            "id": "rtb-0b7e7e64bc48e9ac5",
                            "propagating_vgws.#": "0",
                            "route.#": "1",
                            "route.2013578835.cidr_block": "0.0.0.0/0",
                            "route.2013578835.egress_only_gateway_id": "",
                            "route.2013578835.gateway_id": "igw-03c5cd4d9f9e04904",
                            "route.2013578835.instance_id": "",
                            "route.2013578835.ipv6_cidr_block": "",
                            "route.2013578835.nat_gateway_id": "",
                            "route.2013578835.network_interface_id": "",
                            "route.2013578835.vpc_peering_connection_id": "",
                            "tags.%": "1",
                            "tags.Name": "publicRT",
                            "vpc_id": "vpc-0e50af2ebfe793b26"
                        },
                        "meta": {},
                        "tainted": false
                    },
                    "deposed": [],
                    "provider": "provider.aws"
                },
                "aws_route_table_association.public_subnet_association.0": {
                    "type": "aws_route_table_association",
                    "depends_on": [
                        "aws_route_table.publicRT",
                        "aws_subnet.public_subnets.*"
                    ],
                    "primary": {
                        "id": "rtbassoc-0cb5b3e0f01aed989",
                        "attributes": {
                            "id": "rtbassoc-0cb5b3e0f01aed989",
                            "route_table_id": "rtb-0b7e7e64bc48e9ac5",
                            "subnet_id": "subnet-08c14749b8e40503b"
                        },
                        "meta": {},
                        "tainted": false
                    },
                    "deposed": [],
                    "provider": "provider.aws"
                },
                "aws_route_table_association.public_subnet_association.1": {
                    "type": "aws_route_table_association",
                    "depends_on": [
                        "aws_route_table.publicRT",
                        "aws_subnet.public_subnets.*"
                    ],
                    "primary": {
                        "id": "rtbassoc-002fd0c07d2b9cb2c",
                        "attributes": {
                            "id": "rtbassoc-002fd0c07d2b9cb2c",
                            "route_table_id": "rtb-0b7e7e64bc48e9ac5",
                            "subnet_id": "subnet-0fa41bbafb381b894"
                        },
                        "meta": {},
                        "tainted": false
                    },
                    "deposed": [],
                    "provider": "provider.aws"
                },
                "aws_security_group.app": {
                    "type": "aws_security_group",
                    "depends_on": [
                        "aws_security_group.web",
                        "aws_vpc.myvpc"
                    ],
                    "primary": {
                        "id": "sg-0e02259e18e05e711",
                        "attributes": {
                            "arn": "arn:aws:ec2:us-east-1:915351824488:security-group/sg-0e02259e18e05e711",
                            "description": "Managed by Terraform",
                            "egress.#": "0",
                            "id": "sg-0e02259e18e05e711",
                            "ingress.#": "1",
                            "ingress.3272286911.cidr_blocks.#": "0",
                            "ingress.3272286911.description": "",
                            "ingress.3272286911.from_port": "0",
                            "ingress.3272286911.ipv6_cidr_blocks.#": "0",
                            "ingress.3272286911.protocol": "-1",
                            "ingress.3272286911.security_groups.#": "1",
                            "ingress.3272286911.security_groups.2249003230": "sg-015e3b691fc786080",
                            "ingress.3272286911.self": "false",
                            "ingress.3272286911.to_port": "0",
                            "name": "app",
                            "owner_id": "915351824488",
                            "revoke_rules_on_delete": "false",
                            "tags.%": "0",
                            "vpc_id": "vpc-0e50af2ebfe793b26"
                        },
                        "meta": {
                            "e2bfb730-ecaa-11e6-8f88-34363bc7c4c0": {
                                "create": 600000000000,
                                "delete": 600000000000
                            },
                            "schema_version": "1"
                        },
                        "tainted": false
                    },
                    "deposed": [],
                    "provider": "provider.aws"
                },
                "aws_security_group.bastion": {
                    "type": "aws_security_group",
                    "depends_on": [
                        "aws_vpc.myvpc"
                    ],
                    "primary": {
                        "id": "sg-0974e77d68a378085",
                        "attributes": {
                            "arn": "arn:aws:ec2:us-east-1:915351824488:security-group/sg-0974e77d68a378085",
                            "description": "Allow SSH inbound traffic",
                            "egress.#": "1",
                            "egress.482069346.cidr_blocks.#": "1",
                            "egress.482069346.cidr_blocks.0": "0.0.0.0/0",
                            "egress.482069346.description": "",
                            "egress.482069346.from_port": "0",
                            "egress.482069346.ipv6_cidr_blocks.#": "0",
                            "egress.482069346.prefix_list_ids.#": "0",
                            "egress.482069346.protocol": "-1",
                            "egress.482069346.security_groups.#": "0",
                            "egress.482069346.self": "false",
                            "egress.482069346.to_port": "0",
                            "id": "sg-0974e77d68a378085",
                            "ingress.#": "3",
                            "ingress.2214680975.cidr_blocks.#": "1",
                            "ingress.2214680975.cidr_blocks.0": "0.0.0.0/0",
                            "ingress.2214680975.description": "",
                            "ingress.2214680975.from_port": "80",
                            "ingress.2214680975.ipv6_cidr_blocks.#": "0",
                            "ingress.2214680975.protocol": "tcp",
                            "ingress.2214680975.security_groups.#": "0",
                            "ingress.2214680975.self": "false",
                            "ingress.2214680975.to_port": "80",
                            "ingress.2541437006.cidr_blocks.#": "1",
                            "ingress.2541437006.cidr_blocks.0": "0.0.0.0/0",
                            "ingress.2541437006.description": "",
                            "ingress.2541437006.from_port": "22",
                            "ingress.2541437006.ipv6_cidr_blocks.#": "0",
                            "ingress.2541437006.protocol": "tcp",
                            "ingress.2541437006.security_groups.#": "0",
                            "ingress.2541437006.self": "false",
                            "ingress.2541437006.to_port": "22",
                            "ingress.2617001939.cidr_blocks.#": "1",
                            "ingress.2617001939.cidr_blocks.0": "0.0.0.0/0",
                            "ingress.2617001939.description": "",
                            "ingress.2617001939.from_port": "443",
                            "ingress.2617001939.ipv6_cidr_blocks.#": "0",
                            "ingress.2617001939.protocol": "tcp",
                            "ingress.2617001939.security_groups.#": "0",
                            "ingress.2617001939.self": "false",
                            "ingress.2617001939.to_port": "443",
                            "name": "bastion",
                            "owner_id": "915351824488",
                            "revoke_rules_on_delete": "false",
                            "tags.%": "0",
                            "vpc_id": "vpc-0e50af2ebfe793b26"
                        },
                        "meta": {
                            "e2bfb730-ecaa-11e6-8f88-34363bc7c4c0": {
                                "create": 600000000000,
                                "delete": 600000000000
                            },
                            "schema_version": "1"
                        },
                        "tainted": false
                    },
                    "deposed": [],
                    "provider": "provider.aws"
                },
                "aws_security_group.elb-sg": {
                    "type": "aws_security_group",
                    "depends_on": [
                        "aws_vpc.myvpc"
                    ],
                    "primary": {
                        "id": "sg-09759990d9e0533cc",
                        "attributes": {
                            "arn": "arn:aws:ec2:us-east-1:915351824488:security-group/sg-09759990d9e0533cc",
                            "description": "Allow SSH inbound traffic",
                            "egress.#": "1",
                            "egress.482069346.cidr_blocks.#": "1",
                            "egress.482069346.cidr_blocks.0": "0.0.0.0/0",
                            "egress.482069346.description": "",
                            "egress.482069346.from_port": "0",
                            "egress.482069346.ipv6_cidr_blocks.#": "0",
                            "egress.482069346.prefix_list_ids.#": "0",
                            "egress.482069346.protocol": "-1",
                            "egress.482069346.security_groups.#": "0",
                            "egress.482069346.self": "false",
                            "egress.482069346.to_port": "0",
                            "id": "sg-09759990d9e0533cc",
                            "ingress.#": "2",
                            "ingress.2214680975.cidr_blocks.#": "1",
                            "ingress.2214680975.cidr_blocks.0": "0.0.0.0/0",
                            "ingress.2214680975.description": "",
                            "ingress.2214680975.from_port": "80",
                            "ingress.2214680975.ipv6_cidr_blocks.#": "0",
                            "ingress.2214680975.protocol": "tcp",
                            "ingress.2214680975.security_groups.#": "0",
                            "ingress.2214680975.self": "false",
                            "ingress.2214680975.to_port": "80",
                            "ingress.2617001939.cidr_blocks.#": "1",
                            "ingress.2617001939.cidr_blocks.0": "0.0.0.0/0",
                            "ingress.2617001939.description": "",
                            "ingress.2617001939.from_port": "443",
                            "ingress.2617001939.ipv6_cidr_blocks.#": "0",
                            "ingress.2617001939.protocol": "tcp",
                            "ingress.2617001939.security_groups.#": "0",
                            "ingress.2617001939.self": "false",
                            "ingress.2617001939.to_port": "443",
                            "name": "elb-sg",
                            "owner_id": "915351824488",
                            "revoke_rules_on_delete": "false",
                            "tags.%": "0",
                            "vpc_id": "vpc-0e50af2ebfe793b26"
                        },
                        "meta": {
                            "e2bfb730-ecaa-11e6-8f88-34363bc7c4c0": {
                                "create": 600000000000,
                                "delete": 600000000000
                            },
                            "schema_version": "1"
                        },
                        "tainted": false
                    },
                    "deposed": [],
                    "provider": "provider.aws"
                },
                "aws_security_group.mysql": {
                    "type": "aws_security_group",
                    "depends_on": [
                        "aws_security_group.app",
                        "aws_vpc.myvpc"
                    ],
                    "primary": {
                        "id": "sg-00ed5248b4ec05486",
                        "attributes": {
                            "arn": "arn:aws:ec2:us-east-1:915351824488:security-group/sg-00ed5248b4ec05486",
                            "description": "Managed by Terraform",
                            "egress.#": "0",
                            "id": "sg-00ed5248b4ec05486",
                            "ingress.#": "1",
                            "ingress.230679022.cidr_blocks.#": "0",
                            "ingress.230679022.description": "",
                            "ingress.230679022.from_port": "3306",
                            "ingress.230679022.ipv6_cidr_blocks.#": "0",
                            "ingress.230679022.protocol": "tcp",
                            "ingress.230679022.security_groups.#": "1",
                            "ingress.230679022.security_groups.4066029116": "sg-0e02259e18e05e711",
                            "ingress.230679022.self": "false",
                            "ingress.230679022.to_port": "3306",
                            "name": "rds_sg",
                            "owner_id": "915351824488",
                            "revoke_rules_on_delete": "false",
                            "tags.%": "0",
                            "vpc_id": "vpc-0e50af2ebfe793b26"
                        },
                        "meta": {
                            "e2bfb730-ecaa-11e6-8f88-34363bc7c4c0": {
                                "create": 600000000000,
                                "delete": 600000000000
                            },
                            "schema_version": "1"
                        },
                        "tainted": false
                    },
                    "deposed": [],
                    "provider": "provider.aws"
                },
                "aws_security_group.web": {
                    "type": "aws_security_group",
                    "depends_on": [
                        "aws_security_group.bastion",
                        "aws_vpc.myvpc"
                    ],
                    "primary": {
                        "id": "sg-015e3b691fc786080",
                        "attributes": {
                            "arn": "arn:aws:ec2:us-east-1:915351824488:security-group/sg-015e3b691fc786080",
                            "description": "Managed by Terraform",
                            "egress.#": "0",
                            "id": "sg-015e3b691fc786080",
                            "ingress.#": "1",
                            "ingress.2869818783.cidr_blocks.#": "0",
                            "ingress.2869818783.description": "",
                            "ingress.2869818783.from_port": "0",
                            "ingress.2869818783.ipv6_cidr_blocks.#": "0",
                            "ingress.2869818783.protocol": "-1",
                            "ingress.2869818783.security_groups.#": "1",
                            "ingress.2869818783.security_groups.1567213580": "sg-0974e77d68a378085",
                            "ingress.2869818783.self": "false",
                            "ingress.2869818783.to_port": "0",
                            "name": "web",
                            "owner_id": "915351824488",
                            "revoke_rules_on_delete": "false",
                            "tags.%": "0",
                            "vpc_id": "vpc-0e50af2ebfe793b26"
                        },
                        "meta": {
                            "e2bfb730-ecaa-11e6-8f88-34363bc7c4c0": {
                                "create": 600000000000,
                                "delete": 600000000000
                            },
                            "schema_version": "1"
                        },
                        "tainted": false
                    },
                    "deposed": [],
                    "provider": "provider.aws"
                },
                "aws_subnet.private_db.0": {
                    "type": "aws_subnet",
                    "depends_on": [
                        "aws_vpc.myvpc"
                    ],
                    "primary": {
                        "id": "subnet-089adedb52c46e1f7",
                        "attributes": {
                            "arn": "arn:aws:ec2:us-east-1:915351824488:subnet/subnet-089adedb52c46e1f7",
                            "assign_ipv6_address_on_creation": "false",
                            "availability_zone": "us-east-1a",
                            "cidr_block": "10.0.3.0/24",
                            "id": "subnet-089adedb52c46e1f7",
                            "map_public_ip_on_launch": "false",
                            "tags.%": "1",
                            "tags.Name": "private-db-1",
                            "vpc_id": "vpc-0e50af2ebfe793b26"
                        },
                        "meta": {
                            "schema_version": "1"
                        },
                        "tainted": false
                    },
                    "deposed": [],
                    "provider": "provider.aws"
                },
                "aws_subnet.private_db.1": {
                    "type": "aws_subnet",
                    "depends_on": [
                        "aws_vpc.myvpc"
                    ],
                    "primary": {
                        "id": "subnet-0d3c719cd0fb63609",
                        "attributes": {
                            "arn": "arn:aws:ec2:us-east-1:915351824488:subnet/subnet-0d3c719cd0fb63609",
                            "assign_ipv6_address_on_creation": "false",
                            "availability_zone": "us-east-1b",
                            "cidr_block": "10.0.4.0/24",
                            "id": "subnet-0d3c719cd0fb63609",
                            "map_public_ip_on_launch": "false",
                            "tags.%": "1",
                            "tags.Name": "private-db-2",
                            "vpc_id": "vpc-0e50af2ebfe793b26"
                        },
                        "meta": {
                            "schema_version": "1"
                        },
                        "tainted": false
                    },
                    "deposed": [],
                    "provider": "provider.aws"
                },
                "aws_subnet.private_subnets.0": {
                    "type": "aws_subnet",
                    "depends_on": [
                        "aws_vpc.myvpc"
                    ],
                    "primary": {
                        "id": "subnet-0dc258667533945f4",
                        "attributes": {
                            "arn": "arn:aws:ec2:us-east-1:915351824488:subnet/subnet-0dc258667533945f4",
                            "assign_ipv6_address_on_creation": "false",
                            "availability_zone": "us-east-1a",
                            "cidr_block": "10.0.1.0/24",
                            "id": "subnet-0dc258667533945f4",
                            "map_public_ip_on_launch": "false",
                            "tags.%": "1",
                            "tags.Name": "private-Subnet-1",
                            "vpc_id": "vpc-0e50af2ebfe793b26"
                        },
                        "meta": {
                            "schema_version": "1"
                        },
                        "tainted": false
                    },
                    "deposed": [],
                    "provider": "provider.aws"
                },
                "aws_subnet.private_subnets.1": {
                    "type": "aws_subnet",
                    "depends_on": [
                        "aws_vpc.myvpc"
                    ],
                    "primary": {
                        "id": "subnet-09016a797610dbefe",
                        "attributes": {
                            "arn": "arn:aws:ec2:us-east-1:915351824488:subnet/subnet-09016a797610dbefe",
                            "assign_ipv6_address_on_creation": "false",
                            "availability_zone": "us-east-1b",
                            "cidr_block": "10.0.2.0/24",
                            "id": "subnet-09016a797610dbefe",
                            "map_public_ip_on_launch": "false",
                            "tags.%": "1",
                            "tags.Name": "private-Subnet-2",
                            "vpc_id": "vpc-0e50af2ebfe793b26"
                        },
                        "meta": {
                            "schema_version": "1"
                        },
                        "tainted": false
                    },
                    "deposed": [],
                    "provider": "provider.aws"
                },
                "aws_subnet.public_subnets.0": {
                    "type": "aws_subnet",
                    "depends_on": [
                        "aws_vpc.myvpc"
                    ],
                    "primary": {
                        "id": "subnet-08c14749b8e40503b",
                        "attributes": {
                            "arn": "arn:aws:ec2:us-east-1:915351824488:subnet/subnet-08c14749b8e40503b",
                            "assign_ipv6_address_on_creation": "false",
                            "availability_zone": "us-east-1a",
                            "cidr_block": "10.0.5.0/24",
                            "id": "subnet-08c14749b8e40503b",
                            "map_public_ip_on_launch": "true",
                            "tags.%": "1",
                            "tags.Name": "public-Subnet-1",
                            "vpc_id": "vpc-0e50af2ebfe793b26"
                        },
                        "meta": {
                            "schema_version": "1"
                        },
                        "tainted": false
                    },
                    "deposed": [],
                    "provider": "provider.aws"
                },
                "aws_subnet.public_subnets.1": {
                    "type": "aws_subnet",
                    "depends_on": [
                        "aws_vpc.myvpc"
                    ],
                    "primary": {
                        "id": "subnet-0fa41bbafb381b894",
                        "attributes": {
                            "arn": "arn:aws:ec2:us-east-1:915351824488:subnet/subnet-0fa41bbafb381b894",
                            "assign_ipv6_address_on_creation": "false",
                            "availability_zone": "us-east-1b",
                            "cidr_block": "10.0.6.0/24",
                            "id": "subnet-0fa41bbafb381b894",
                            "map_public_ip_on_launch": "true",
                            "tags.%": "1",
                            "tags.Name": "public-Subnet-2",
                            "vpc_id": "vpc-0e50af2ebfe793b26"
                        },
                        "meta": {
                            "schema_version": "1"
                        },
                        "tainted": false
                    },
                    "deposed": [],
                    "provider": "provider.aws"
                },
                "aws_vpc.myvpc": {
                    "type": "aws_vpc",
                    "depends_on": [],
                    "primary": {
                        "id": "vpc-0e50af2ebfe793b26",
                        "attributes": {
                            "arn": "arn:aws:ec2:us-east-1:915351824488:vpc/vpc-0e50af2ebfe793b26",
                            "assign_generated_ipv6_cidr_block": "false",
                            "cidr_block": "10.0.0.0/16",
                            "default_network_acl_id": "acl-00f9a0a96f42d2965",
                            "default_route_table_id": "rtb-0e3c855464efa2d9b",
                            "default_security_group_id": "sg-0a09b11e28e6eabda",
                            "dhcp_options_id": "dopt-855ae5fe",
                            "enable_classiclink": "false",
                            "enable_classiclink_dns_support": "false",
                            "enable_dns_hostnames": "true",
                            "enable_dns_support": "true",
                            "id": "vpc-0e50af2ebfe793b26",
                            "instance_tenancy": "default",
                            "main_route_table_id": "rtb-0e3c855464efa2d9b",
                            "tags.%": "1",
                            "tags.Name": "myvpc"
                        },
                        "meta": {
                            "schema_version": "1"
                        },
                        "tainted": false
                    },
                    "deposed": [],
                    "provider": "provider.aws"
                },
                "data.aws_ami.ubuntu": {
                    "type": "aws_ami",
                    "depends_on": [],
                    "primary": {
                        "id": "ami-04169656fea786776",
                        "attributes": {
                            "architecture": "x86_64",
                            "block_device_mappings.#": "3",
                            "block_device_mappings.1634610537.device_name": "/dev/sdb",
                            "block_device_mappings.1634610537.ebs.%": "0",
                            "block_device_mappings.1634610537.no_device": "",
                            "block_device_mappings.1634610537.virtual_name": "ephemeral0",
                            "block_device_mappings.2547816212.device_name": "/dev/sda1",
                            "block_device_mappings.2547816212.ebs.%": "6",
                            "block_device_mappings.2547816212.ebs.delete_on_termination": "true",
                            "block_device_mappings.2547816212.ebs.encrypted": "false",
                            "block_device_mappings.2547816212.ebs.iops": "0",
                            "block_device_mappings.2547816212.ebs.snapshot_id": "snap-044fd4b3187843283",
                            "block_device_mappings.2547816212.ebs.volume_size": "8",
                            "block_device_mappings.2547816212.ebs.volume_type": "gp2",
                            "block_device_mappings.2547816212.no_device": "",
                            "block_device_mappings.2547816212.virtual_name": "",
                            "block_device_mappings.3850042718.device_name": "/dev/sdc",
                            "block_device_mappings.3850042718.ebs.%": "0",
                            "block_device_mappings.3850042718.no_device": "",
                            "block_device_mappings.3850042718.virtual_name": "ephemeral1",
                            "creation_date": "2018-08-15T12:38:33.000Z",
                            "description": "Canonical, Ubuntu, 16.04 LTS, amd64 xenial image build on 2018-08-14",
                            "filter.#": "2",
                            "filter.1585153008.name": "name",
                            "filter.1585153008.values.#": "1",
                            "filter.1585153008.values.0": "ubuntu/images/hvm-ssd/ubuntu-xenial-16.04-amd64-server-*",
                            "filter.490168357.name": "virtualization-type",
                            "filter.490168357.values.#": "1",
                            "filter.490168357.values.0": "hvm",
                            "hypervisor": "xen",
                            "id": "ami-04169656fea786776",
                            "image_id": "ami-04169656fea786776",
                            "image_location": "099720109477/ubuntu/images/hvm-ssd/ubuntu-xenial-16.04-amd64-server-20180814",
                            "image_type": "machine",
                            "most_recent": "true",
                            "name": "ubuntu/images/hvm-ssd/ubuntu-xenial-16.04-amd64-server-20180814",
                            "owner_id": "099720109477",
                            "owners.#": "1",
                            "owners.0": "099720109477",
                            "product_codes.#": "0",
                            "public": "true",
                            "root_device_name": "/dev/sda1",
                            "root_device_type": "ebs",
                            "root_snapshot_id": "snap-044fd4b3187843283",
                            "sriov_net_support": "simple",
                            "state": "available",
                            "state_reason.%": "2",
                            "state_reason.code": "UNSET",
                            "state_reason.message": "UNSET",
                            "tags.%": "0",
                            "virtualization_type": "hvm"
                        },
                        "meta": {},
                        "tainted": false
                    },
                    "deposed": [],
                    "provider": "provider.aws"
                }
            },
            "depends_on": []
        }
    ]
}
