{
    "version": 3,
    "terraform_version": "0.11.8",
    "serial": 13,
    "lineage": "a898b0bd-c847-6a08-e6ed-0ab7e4854185",
    "modules": [
        {
            "path": [
                "root"
            ],
            "outputs": {
                "private_subnet_ids": {
                    "sensitive": false,
                    "type": "list",
                    "value": [
                        "subnet-01a606255068c103e",
                        "subnet-09189a6cfbea997f6",
                        "subnet-0b0761f6b53ab90a2",
                        "subnet-0bf8ebf83b18ea992"
                    ]
                }
            },
            "resources": {
                "aws_db_instance.default": {
                    "type": "aws_db_instance",
                    "depends_on": [
                        "aws_db_subnet_group.dbsubnet",
                        "aws_security_group.mysql"
                    ],
                    "primary": {
                        "id": "terraform-20180903094616541400000001",
                        "attributes": {
                            "address": "terraform-20180903094616541400000001.cql1tzqbpy8d.us-east-1.rds.amazonaws.com",
                            "allocated_storage": "10",
                            "arn": "arn:aws:rds:us-east-1:915351824488:db:terraform-20180903094616541400000001",
                            "auto_minor_version_upgrade": "true",
                            "availability_zone": "us-east-1a",
                            "backup_retention_period": "0",
                            "backup_window": "09:41-10:11",
                            "ca_cert_identifier": "rds-ca-2015",
                            "copy_tags_to_snapshot": "false",
                            "db_subnet_group_name": "main",
                            "enabled_cloudwatch_logs_exports.#": "0",
                            "endpoint": "terraform-20180903094616541400000001.cql1tzqbpy8d.us-east-1.rds.amazonaws.com:3306",
                            "engine": "mysql",
                            "engine_version": "5.7.22",
                            "hosted_zone_id": "Z2R2ITUGPM61AM",
                            "iam_database_authentication_enabled": "false",
                            "id": "terraform-20180903094616541400000001",
                            "identifier": "terraform-20180903094616541400000001",
                            "instance_class": "db.t2.micro",
                            "iops": "0",
                            "kms_key_id": "",
                            "license_model": "general-public-license",
                            "maintenance_window": "thu:04:38-thu:05:08",
                            "monitoring_interval": "0",
                            "multi_az": "false",
                            "name": "mydb",
                            "option_group_name": "default:mysql-5-7",
                            "parameter_group_name": "default.mysql5.7",
                            "password": "user1234",
                            "port": "3306",
                            "publicly_accessible": "false",
                            "replicas.#": "0",
                            "replicate_source_db": "",
                            "resource_id": "db-R3GHNLCGDDMVEINXC6JKSFCH6I",
                            "security_group_names.#": "0",
                            "skip_final_snapshot": "true",
                            "status": "available",
                            "storage_encrypted": "false",
                            "storage_type": "gp2",
                            "tags.%": "0",
                            "timezone": "",
                            "username": "dbuser",
                            "vpc_security_group_ids.#": "1",
                            "vpc_security_group_ids.1657720616": "sg-0c7e1e1bdcf2b2d9f"
                        },
                        "meta": {
                            "e2bfb730-ecaa-11e6-8f88-34363bc7c4c0": {
                                "create": 2400000000000,
                                "delete": 2400000000000,
                                "update": 4800000000000
                            }
                        },
                        "tainted": false
                    },
                    "deposed": [],
                    "provider": "provider.aws"
                },
                "aws_db_subnet_group.dbsubnet": {
                    "type": "aws_db_subnet_group",
                    "depends_on": [
                        "aws_subnet.private_subnets.2",
                        "aws_subnet.private_subnets.3"
                    ],
                    "primary": {
                        "id": "main",
                        "attributes": {
                            "arn": "arn:aws:rds:us-east-1:915351824488:subgrp:main",
                            "description": "Managed by Terraform",
                            "id": "main",
                            "name": "main",
                            "subnet_ids.#": "2",
                            "subnet_ids.1296918505": "subnet-0b0761f6b53ab90a2",
                            "subnet_ids.287895645": "subnet-0bf8ebf83b18ea992",
                            "tags.%": "1",
                            "tags.Name": "MyDBsubnetGroup"
                        },
                        "meta": {},
                        "tainted": false
                    },
                    "deposed": [],
                    "provider": "provider.aws"
                },
                "aws_eip.elastic_ip": {
                    "type": "aws_eip",
                    "depends_on": [
                        "aws_internet_gateway.internet_gateway"
                    ],
                    "primary": {
                        "id": "eipalloc-087cc23aae633bd32",
                        "attributes": {
                            "association_id": "",
                            "domain": "vpc",
                            "id": "eipalloc-087cc23aae633bd32",
                            "instance": "",
                            "network_interface": "",
                            "private_ip": "",
                            "public_ip": "34.237.107.76",
                            "tags.%": "0",
                            "vpc": "true"
                        },
                        "meta": {
                            "e2bfb730-ecaa-11e6-8f88-34363bc7c4c0": {
                                "delete": 180000000000,
                                "read": 900000000000,
                                "update": 300000000000
                            }
                        },
                        "tainted": false
                    },
                    "deposed": [],
                    "provider": "provider.aws"
                },
                "aws_internet_gateway.internet_gateway": {
                    "type": "aws_internet_gateway",
                    "depends_on": [
                        "aws_vpc.myvpc"
                    ],
                    "primary": {
                        "id": "igw-0195999b437fe41d2",
                        "attributes": {
                            "id": "igw-0195999b437fe41d2",
                            "tags.%": "1",
                            "tags.Name": "Internet Gateway",
                            "vpc_id": "vpc-0268d36f06620f857"
                        },
                        "meta": {},
                        "tainted": false
                    },
                    "deposed": [],
                    "provider": "provider.aws"
                },
                "aws_route_table.publicRT": {
                    "type": "aws_route_table",
                    "depends_on": [
                        "aws_internet_gateway.internet_gateway",
                        "aws_vpc.myvpc"
                    ],
                    "primary": {
                        "id": "rtb-01338680e0f02d214",
                        "attributes": {
                            "id": "rtb-01338680e0f02d214",
                            "propagating_vgws.#": "0",
                            "route.#": "1",
                            "route.4290883378.cidr_block": "0.0.0.0/0",
                            "route.4290883378.egress_only_gateway_id": "",
                            "route.4290883378.gateway_id": "igw-0195999b437fe41d2",
                            "route.4290883378.instance_id": "",
                            "route.4290883378.ipv6_cidr_block": "",
                            "route.4290883378.nat_gateway_id": "",
                            "route.4290883378.network_interface_id": "",
                            "route.4290883378.vpc_peering_connection_id": "",
                            "tags.%": "1",
                            "tags.Name": "publicRT",
                            "vpc_id": "vpc-0268d36f06620f857"
                        },
                        "meta": {},
                        "tainted": false
                    },
                    "deposed": [],
                    "provider": "provider.aws"
                },
                "aws_route_table_association.public_subnet_association.0": {
                    "type": "aws_route_table_association",
                    "depends_on": [
                        "aws_route_table.publicRT",
                        "aws_subnet.public_subnets.*"
                    ],
                    "primary": {
                        "id": "rtbassoc-0a3e40ec76bc9287e",
                        "attributes": {
                            "id": "rtbassoc-0a3e40ec76bc9287e",
                            "route_table_id": "rtb-01338680e0f02d214",
                            "subnet_id": "subnet-0e4a829c3ea892954"
                        },
                        "meta": {},
                        "tainted": false
                    },
                    "deposed": [],
                    "provider": "provider.aws"
                },
                "aws_route_table_association.public_subnet_association.1": {
                    "type": "aws_route_table_association",
                    "depends_on": [
                        "aws_route_table.publicRT",
                        "aws_subnet.public_subnets.*"
                    ],
                    "primary": {
                        "id": "rtbassoc-068f19f55c9aa2c21",
                        "attributes": {
                            "id": "rtbassoc-068f19f55c9aa2c21",
                            "route_table_id": "rtb-01338680e0f02d214",
                            "subnet_id": "subnet-04bc77ddfc4981e31"
                        },
                        "meta": {},
                        "tainted": false
                    },
                    "deposed": [],
                    "provider": "provider.aws"
                },
                "aws_security_group.app": {
                    "type": "aws_security_group",
                    "depends_on": [
                        "aws_security_group.web",
                        "aws_vpc.myvpc"
                    ],
                    "primary": {
                        "id": "sg-082ad9b0f237c6a31",
                        "attributes": {
                            "arn": "arn:aws:ec2:us-east-1:915351824488:security-group/sg-082ad9b0f237c6a31",
                            "description": "Managed by Terraform",
                            "egress.#": "0",
                            "id": "sg-082ad9b0f237c6a31",
                            "ingress.#": "1",
                            "ingress.3491285233.cidr_blocks.#": "0",
                            "ingress.3491285233.description": "",
                            "ingress.3491285233.from_port": "0",
                            "ingress.3491285233.ipv6_cidr_blocks.#": "0",
                            "ingress.3491285233.protocol": "-1",
                            "ingress.3491285233.security_groups.#": "1",
                            "ingress.3491285233.security_groups.4185852102": "sg-02bc11e2a7e404aae",
                            "ingress.3491285233.self": "false",
                            "ingress.3491285233.to_port": "0",
                            "name": "app",
                            "owner_id": "915351824488",
                            "revoke_rules_on_delete": "false",
                            "tags.%": "0",
                            "vpc_id": "vpc-0268d36f06620f857"
                        },
                        "meta": {
                            "e2bfb730-ecaa-11e6-8f88-34363bc7c4c0": {
                                "create": 600000000000,
                                "delete": 600000000000
                            },
                            "schema_version": "1"
                        },
                        "tainted": false
                    },
                    "deposed": [],
                    "provider": "provider.aws"
                },
                "aws_security_group.bastion": {
                    "type": "aws_security_group",
                    "depends_on": [
                        "aws_vpc.myvpc"
                    ],
                    "primary": {
                        "id": "sg-0edb292ee08be8fe4",
                        "attributes": {
                            "arn": "arn:aws:ec2:us-east-1:915351824488:security-group/sg-0edb292ee08be8fe4",
                            "description": "Allow SSH inbound traffic",
                            "egress.#": "1",
                            "egress.482069346.cidr_blocks.#": "1",
                            "egress.482069346.cidr_blocks.0": "0.0.0.0/0",
                            "egress.482069346.description": "",
                            "egress.482069346.from_port": "0",
                            "egress.482069346.ipv6_cidr_blocks.#": "0",
                            "egress.482069346.prefix_list_ids.#": "0",
                            "egress.482069346.protocol": "-1",
                            "egress.482069346.security_groups.#": "0",
                            "egress.482069346.self": "false",
                            "egress.482069346.to_port": "0",
                            "id": "sg-0edb292ee08be8fe4",
                            "ingress.#": "3",
                            "ingress.2214680975.cidr_blocks.#": "1",
                            "ingress.2214680975.cidr_blocks.0": "0.0.0.0/0",
                            "ingress.2214680975.description": "",
                            "ingress.2214680975.from_port": "80",
                            "ingress.2214680975.ipv6_cidr_blocks.#": "0",
                            "ingress.2214680975.protocol": "tcp",
                            "ingress.2214680975.security_groups.#": "0",
                            "ingress.2214680975.self": "false",
                            "ingress.2214680975.to_port": "80",
                            "ingress.2541437006.cidr_blocks.#": "1",
                            "ingress.2541437006.cidr_blocks.0": "0.0.0.0/0",
                            "ingress.2541437006.description": "",
                            "ingress.2541437006.from_port": "22",
                            "ingress.2541437006.ipv6_cidr_blocks.#": "0",
                            "ingress.2541437006.protocol": "tcp",
                            "ingress.2541437006.security_groups.#": "0",
                            "ingress.2541437006.self": "false",
                            "ingress.2541437006.to_port": "22",
                            "ingress.2617001939.cidr_blocks.#": "1",
                            "ingress.2617001939.cidr_blocks.0": "0.0.0.0/0",
                            "ingress.2617001939.description": "",
                            "ingress.2617001939.from_port": "443",
                            "ingress.2617001939.ipv6_cidr_blocks.#": "0",
                            "ingress.2617001939.protocol": "tcp",
                            "ingress.2617001939.security_groups.#": "0",
                            "ingress.2617001939.self": "false",
                            "ingress.2617001939.to_port": "443",
                            "name": "bastion",
                            "owner_id": "915351824488",
                            "revoke_rules_on_delete": "false",
                            "tags.%": "0",
                            "vpc_id": "vpc-0268d36f06620f857"
                        },
                        "meta": {
                            "e2bfb730-ecaa-11e6-8f88-34363bc7c4c0": {
                                "create": 600000000000,
                                "delete": 600000000000
                            },
                            "schema_version": "1"
                        },
                        "tainted": false
                    },
                    "deposed": [],
                    "provider": "provider.aws"
                },
                "aws_security_group.mysql": {
                    "type": "aws_security_group",
                    "depends_on": [
                        "aws_security_group.app",
                        "aws_vpc.myvpc"
                    ],
                    "primary": {
                        "id": "sg-0c7e1e1bdcf2b2d9f",
                        "attributes": {
                            "arn": "arn:aws:ec2:us-east-1:915351824488:security-group/sg-0c7e1e1bdcf2b2d9f",
                            "description": "Managed by Terraform",
                            "egress.#": "0",
                            "id": "sg-0c7e1e1bdcf2b2d9f",
                            "ingress.#": "1",
                            "ingress.2628758120.cidr_blocks.#": "0",
                            "ingress.2628758120.description": "",
                            "ingress.2628758120.from_port": "3306",
                            "ingress.2628758120.ipv6_cidr_blocks.#": "0",
                            "ingress.2628758120.protocol": "tcp",
                            "ingress.2628758120.security_groups.#": "1",
                            "ingress.2628758120.security_groups.2256387954": "sg-082ad9b0f237c6a31",
                            "ingress.2628758120.self": "false",
                            "ingress.2628758120.to_port": "3306",
                            "name": "rds_sg",
                            "owner_id": "915351824488",
                            "revoke_rules_on_delete": "false",
                            "tags.%": "0",
                            "vpc_id": "vpc-0268d36f06620f857"
                        },
                        "meta": {
                            "e2bfb730-ecaa-11e6-8f88-34363bc7c4c0": {
                                "create": 600000000000,
                                "delete": 600000000000
                            },
                            "schema_version": "1"
                        },
                        "tainted": false
                    },
                    "deposed": [],
                    "provider": "provider.aws"
                },
                "aws_security_group.web": {
                    "type": "aws_security_group",
                    "depends_on": [
                        "aws_security_group.bastion",
                        "aws_vpc.myvpc"
                    ],
                    "primary": {
                        "id": "sg-02bc11e2a7e404aae",
                        "attributes": {
                            "arn": "arn:aws:ec2:us-east-1:915351824488:security-group/sg-02bc11e2a7e404aae",
                            "description": "Managed by Terraform",
                            "egress.#": "0",
                            "id": "sg-02bc11e2a7e404aae",
                            "ingress.#": "1",
                            "ingress.747767985.cidr_blocks.#": "0",
                            "ingress.747767985.description": "",
                            "ingress.747767985.from_port": "0",
                            "ingress.747767985.ipv6_cidr_blocks.#": "0",
                            "ingress.747767985.protocol": "-1",
                            "ingress.747767985.security_groups.#": "1",
                            "ingress.747767985.security_groups.3392615581": "sg-0edb292ee08be8fe4",
                            "ingress.747767985.self": "false",
                            "ingress.747767985.to_port": "0",
                            "name": "web",
                            "owner_id": "915351824488",
                            "revoke_rules_on_delete": "false",
                            "tags.%": "0",
                            "vpc_id": "vpc-0268d36f06620f857"
                        },
                        "meta": {
                            "e2bfb730-ecaa-11e6-8f88-34363bc7c4c0": {
                                "create": 600000000000,
                                "delete": 600000000000
                            },
                            "schema_version": "1"
                        },
                        "tainted": false
                    },
                    "deposed": [],
                    "provider": "provider.aws"
                },
                "aws_subnet.private_subnets.0": {
                    "type": "aws_subnet",
                    "depends_on": [
                        "aws_vpc.myvpc"
                    ],
                    "primary": {
                        "id": "subnet-01a606255068c103e",
                        "attributes": {
                            "arn": "arn:aws:ec2:us-east-1:915351824488:subnet/subnet-01a606255068c103e",
                            "assign_ipv6_address_on_creation": "false",
                            "availability_zone": "us-east-1a",
                            "cidr_block": "10.0.1.0/24",
                            "id": "subnet-01a606255068c103e",
                            "map_public_ip_on_launch": "false",
                            "tags.%": "1",
                            "tags.Name": "private-Subnet-1",
                            "vpc_id": "vpc-0268d36f06620f857"
                        },
                        "meta": {
                            "schema_version": "1"
                        },
                        "tainted": false
                    },
                    "deposed": [],
                    "provider": "provider.aws"
                },
                "aws_subnet.private_subnets.1": {
                    "type": "aws_subnet",
                    "depends_on": [
                        "aws_vpc.myvpc"
                    ],
                    "primary": {
                        "id": "subnet-09189a6cfbea997f6",
                        "attributes": {
                            "arn": "arn:aws:ec2:us-east-1:915351824488:subnet/subnet-09189a6cfbea997f6",
                            "assign_ipv6_address_on_creation": "false",
                            "availability_zone": "us-east-1b",
                            "cidr_block": "10.0.2.0/24",
                            "id": "subnet-09189a6cfbea997f6",
                            "map_public_ip_on_launch": "false",
                            "tags.%": "1",
                            "tags.Name": "private-Subnet-2",
                            "vpc_id": "vpc-0268d36f06620f857"
                        },
                        "meta": {
                            "schema_version": "1"
                        },
                        "tainted": false
                    },
                    "deposed": [],
                    "provider": "provider.aws"
                },
                "aws_subnet.private_subnets.2": {
                    "type": "aws_subnet",
                    "depends_on": [
                        "aws_vpc.myvpc"
                    ],
                    "primary": {
                        "id": "subnet-0b0761f6b53ab90a2",
                        "attributes": {
                            "arn": "arn:aws:ec2:us-east-1:915351824488:subnet/subnet-0b0761f6b53ab90a2",
                            "assign_ipv6_address_on_creation": "false",
                            "availability_zone": "us-east-1a",
                            "cidr_block": "10.0.3.0/24",
                            "id": "subnet-0b0761f6b53ab90a2",
                            "map_public_ip_on_launch": "false",
                            "tags.%": "1",
                            "tags.Name": "private-Subnet-3",
                            "vpc_id": "vpc-0268d36f06620f857"
                        },
                        "meta": {
                            "schema_version": "1"
                        },
                        "tainted": false
                    },
                    "deposed": [],
                    "provider": "provider.aws"
                },
                "aws_subnet.private_subnets.3": {
                    "type": "aws_subnet",
                    "depends_on": [
                        "aws_vpc.myvpc"
                    ],
                    "primary": {
                        "id": "subnet-0bf8ebf83b18ea992",
                        "attributes": {
                            "arn": "arn:aws:ec2:us-east-1:915351824488:subnet/subnet-0bf8ebf83b18ea992",
                            "assign_ipv6_address_on_creation": "false",
                            "availability_zone": "us-east-1b",
                            "cidr_block": "10.0.4.0/24",
                            "id": "subnet-0bf8ebf83b18ea992",
                            "map_public_ip_on_launch": "false",
                            "tags.%": "1",
                            "tags.Name": "private-Subnet-4",
                            "vpc_id": "vpc-0268d36f06620f857"
                        },
                        "meta": {
                            "schema_version": "1"
                        },
                        "tainted": false
                    },
                    "deposed": [],
                    "provider": "provider.aws"
                },
                "aws_subnet.public_subnets.0": {
                    "type": "aws_subnet",
                    "depends_on": [
                        "aws_vpc.myvpc"
                    ],
                    "primary": {
                        "id": "subnet-0e4a829c3ea892954",
                        "attributes": {
                            "arn": "arn:aws:ec2:us-east-1:915351824488:subnet/subnet-0e4a829c3ea892954",
                            "assign_ipv6_address_on_creation": "false",
                            "availability_zone": "us-east-1a",
                            "cidr_block": "10.0.5.0/24",
                            "id": "subnet-0e4a829c3ea892954",
                            "map_public_ip_on_launch": "true",
                            "tags.%": "1",
                            "tags.Name": "public-Subnet-1",
                            "vpc_id": "vpc-0268d36f06620f857"
                        },
                        "meta": {
                            "schema_version": "1"
                        },
                        "tainted": false
                    },
                    "deposed": [],
                    "provider": "provider.aws"
                },
                "aws_subnet.public_subnets.1": {
                    "type": "aws_subnet",
                    "depends_on": [
                        "aws_vpc.myvpc"
                    ],
                    "primary": {
                        "id": "subnet-04bc77ddfc4981e31",
                        "attributes": {
                            "arn": "arn:aws:ec2:us-east-1:915351824488:subnet/subnet-04bc77ddfc4981e31",
                            "assign_ipv6_address_on_creation": "false",
                            "availability_zone": "us-east-1b",
                            "cidr_block": "10.0.6.0/24",
                            "id": "subnet-04bc77ddfc4981e31",
                            "map_public_ip_on_launch": "true",
                            "tags.%": "1",
                            "tags.Name": "public-Subnet-2",
                            "vpc_id": "vpc-0268d36f06620f857"
                        },
                        "meta": {
                            "schema_version": "1"
                        },
                        "tainted": false
                    },
                    "deposed": [],
                    "provider": "provider.aws"
                },
                "aws_vpc.myvpc": {
                    "type": "aws_vpc",
                    "depends_on": [],
                    "primary": {
                        "id": "vpc-0268d36f06620f857",
                        "attributes": {
                            "arn": "arn:aws:ec2:us-east-1:915351824488:vpc/vpc-0268d36f06620f857",
                            "assign_generated_ipv6_cidr_block": "false",
                            "cidr_block": "10.0.0.0/16",
                            "default_network_acl_id": "acl-01b063de51e878684",
                            "default_route_table_id": "rtb-022a27b02c484a1fd",
                            "default_security_group_id": "sg-0228b888421af468d",
                            "dhcp_options_id": "dopt-855ae5fe",
                            "enable_classiclink": "false",
                            "enable_classiclink_dns_support": "false",
                            "enable_dns_hostnames": "true",
                            "enable_dns_support": "true",
                            "id": "vpc-0268d36f06620f857",
                            "instance_tenancy": "default",
                            "main_route_table_id": "rtb-022a27b02c484a1fd",
                            "tags.%": "1",
                            "tags.Name": "myvpc"
                        },
                        "meta": {
                            "schema_version": "1"
                        },
                        "tainted": false
                    },
                    "deposed": [],
                    "provider": "provider.aws"
                }
            },
            "depends_on": []
        }
    ]
}
